Microsoft Visual Studio Solution File, Format Version 12.00
# Visual Studio Version 17
VisualStudioVersion = 17.9.34701.34
MinimumVisualStudioVersion = 10.0.40219.1
Project("{2150E333-8FDC-42A3-9474-1A3956D46DE8}") = "src", "src", "{D2D5EFBC-778B-4EB7-9DD1-DFAE52E1529C}"
EndProject
Project("{2150E333-8FDC-42A3-9474-1A3956D46DE8}") = "ApiGateway", "ApiGateway", "{A0650FD5-D967-456D-8B10-BBD4273F4FBC}"
EndProject
Project("{2150E333-8FDC-42A3-9474-1A3956D46DE8}") = "MicroServices", "MicroServices", "{7139989A-1FE4-4789-9C18-59A58986954E}"
EndProject
Project("{2150E333-8FDC-42A3-9474-1A3956D46DE8}") = "WebApplications", "WebApplications", "{D27E030F-D6D1-44D6-9A31-758A929833F9}"
EndProject
Project("{9A19103F-16F7-4668-BE54-9A1E7A4F7556}") = "HealthCheck", "src\WebApplications\Shopping.WebApplications.HealthCheck\HealthCheck.csproj", "{A94FCDD4-F6F3-47DF-B85C-ADED31BE5CA8}"
EndProject
Project("{2150E333-8FDC-42A3-9474-1A3956D46DE8}") = "ProductService", "ProductService", "{76F7BC9B-D2A2-4850-B84E-DE017AFC516A}"
EndProject
Project("{9A19103F-16F7-4668-BE54-9A1E7A4F7556}") = "ProductService.WebApi", "src\Microservices\ProductService\Shopping.Microservices.ProductService\ProductService.WebApi.csproj", "{B6AE40C8-5813-459D-84A9-9399A3461DD9}"
EndProject
Project("{2150E333-8FDC-42A3-9474-1A3956D46DE8}") = "DiscountService", "DiscountService", "{30362C76-FB3E-48EC-A8B9-5B4828EE829D}"
EndProject
Project("{9A19103F-16F7-4668-BE54-9A1E7A4F7556}") = "DiscountService.WebApi", "src\Microservices\DiscountService\Shopping.Microservices.DiscountService\DiscountService.WebApi.csproj", "{6666F035-058C-4DDF-BCD3-217855E4A890}"
EndProject
Project("{2150E333-8FDC-42A3-9474-1A3956D46DE8}") = "OrderService", "OrderService", "{2E21A801-D292-4CB4-8149-329408DD36B3}"
EndProject
Project("{9A19103F-16F7-4668-BE54-9A1E7A4F7556}") = "OrderService.WebApi", "src\Microservices\OrderService\Shopping.Microservices.OrderService\OrderService.WebApi.csproj", "{AA56DB7E-2ABE-4C46-8662-F059EFDC0EF2}"
EndProject
Project("{9A19103F-16F7-4668-BE54-9A1E7A4F7556}") = "ApiGateway.Ocelot", "src\ApiGateway\Ocelot\ApiGateway.Ocelot\ApiGateway.Ocelot.csproj", "{02293E52-8961-4797-AEA2-29A7021944DA}"
EndProject
Project("{2150E333-8FDC-42A3-9474-1A3956D46DE8}") = "Framework", "Framework", "{22977BDB-1F4B-45AB-B4C4-069A2031E8B6}"
EndProject
Project("{9A19103F-16F7-4668-BE54-9A1E7A4F7556}") = "Logging", "src\Framework\Logging\Logging.csproj", "{0ABA3302-89A1-4B0D-8082-57CBC8023753}"
EndProject
Project("{2150E333-8FDC-42A3-9474-1A3956D46DE8}") = "BasketService", "BasketService", "{D82C1777-8806-4721-BEDD-08A36424F20B}"
EndProject
Project("{9A19103F-16F7-4668-BE54-9A1E7A4F7556}") = "BasketService.WebApi", "src\Microservices\BasketService\BasketService.WebApi\BasketService.WebApi.csproj", "{0F93BEC6-20C7-4700-9368-ADBD60074A9A}"
EndProject
Project("{9A19103F-16F7-4668-BE54-9A1E7A4F7556}") = "Shopping.WebApi", "src\WebApplications\Shopping.WebApplications.Api\WebApplication.WebApi\Shopping.WebApi.csproj", "{BB33D009-1E9A-4C2B-8C6D-931C29EEE2B3}"
EndProject
Project("{FAE04EC0-301F-11D3-BF4B-00C04F79EFBC}") = "Utility", "src\Framework\Utility\Utility\Utility.csproj", "{142F6BA1-0B5C-46CC-872B-92EFF3E3C480}"
EndProject
Global
	GlobalSection(SolutionConfigurationPlatforms) = preSolution
		Debug|Any CPU = Debug|Any CPU
		Release|Any CPU = Release|Any CPU
	EndGlobalSection
	GlobalSection(ProjectConfigurationPlatforms) = postSolution
		{A94FCDD4-F6F3-47DF-B85C-ADED31BE5CA8}.Debug|Any CPU.ActiveCfg = Debug|Any CPU
		{A94FCDD4-F6F3-47DF-B85C-ADED31BE5CA8}.Debug|Any CPU.Build.0 = Debug|Any CPU
		{A94FCDD4-F6F3-47DF-B85C-ADED31BE5CA8}.Release|Any CPU.ActiveCfg = Release|Any CPU
		{A94FCDD4-F6F3-47DF-B85C-ADED31BE5CA8}.Release|Any CPU.Build.0 = Release|Any CPU
		{B6AE40C8-5813-459D-84A9-9399A3461DD9}.Debug|Any CPU.ActiveCfg = Debug|Any CPU
		{B6AE40C8-5813-459D-84A9-9399A3461DD9}.Debug|Any CPU.Build.0 = Debug|Any CPU
		{B6AE40C8-5813-459D-84A9-9399A3461DD9}.Release|Any CPU.ActiveCfg = Release|Any CPU
		{B6AE40C8-5813-459D-84A9-9399A3461DD9}.Release|Any CPU.Build.0 = Release|Any CPU
		{6666F035-058C-4DDF-BCD3-217855E4A890}.Debug|Any CPU.ActiveCfg = Debug|Any CPU
		{6666F035-058C-4DDF-BCD3-217855E4A890}.Debug|Any CPU.Build.0 = Debug|Any CPU
		{6666F035-058C-4DDF-BCD3-217855E4A890}.Release|Any CPU.ActiveCfg = Release|Any CPU
		{6666F035-058C-4DDF-BCD3-217855E4A890}.Release|Any CPU.Build.0 = Release|Any CPU
		{AA56DB7E-2ABE-4C46-8662-F059EFDC0EF2}.Debug|Any CPU.ActiveCfg = Debug|Any CPU
		{AA56DB7E-2ABE-4C46-8662-F059EFDC0EF2}.Debug|Any CPU.Build.0 = Debug|Any CPU
		{AA56DB7E-2ABE-4C46-8662-F059EFDC0EF2}.Release|Any CPU.ActiveCfg = Release|Any CPU
		{AA56DB7E-2ABE-4C46-8662-F059EFDC0EF2}.Release|Any CPU.Build.0 = Release|Any CPU
		{02293E52-8961-4797-AEA2-29A7021944DA}.Debug|Any CPU.ActiveCfg = Debug|Any CPU
		{02293E52-8961-4797-AEA2-29A7021944DA}.Debug|Any CPU.Build.0 = Debug|Any CPU
		{02293E52-8961-4797-AEA2-29A7021944DA}.Release|Any CPU.ActiveCfg = Release|Any CPU
		{02293E52-8961-4797-AEA2-29A7021944DA}.Release|Any CPU.Build.0 = Release|Any CPU
		{0ABA3302-89A1-4B0D-8082-57CBC8023753}.Debug|Any CPU.ActiveCfg = Debug|Any CPU
		{0ABA3302-89A1-4B0D-8082-57CBC8023753}.Debug|Any CPU.Build.0 = Debug|Any CPU
		{0ABA3302-89A1-4B0D-8082-57CBC8023753}.Release|Any CPU.ActiveCfg = Release|Any CPU
		{0ABA3302-89A1-4B0D-8082-57CBC8023753}.Release|Any CPU.Build.0 = Release|Any CPU
		{0F93BEC6-20C7-4700-9368-ADBD60074A9A}.Debug|Any CPU.ActiveCfg = Debug|Any CPU
		{0F93BEC6-20C7-4700-9368-ADBD60074A9A}.Debug|Any CPU.Build.0 = Debug|Any CPU
		{0F93BEC6-20C7-4700-9368-ADBD60074A9A}.Release|Any CPU.ActiveCfg = Release|Any CPU
		{0F93BEC6-20C7-4700-9368-ADBD60074A9A}.Release|Any CPU.Build.0 = Release|Any CPU
		{BB33D009-1E9A-4C2B-8C6D-931C29EEE2B3}.Debug|Any CPU.ActiveCfg = Debug|Any CPU
		{BB33D009-1E9A-4C2B-8C6D-931C29EEE2B3}.Debug|Any CPU.Build.0 = Debug|Any CPU
		{BB33D009-1E9A-4C2B-8C6D-931C29EEE2B3}.Release|Any CPU.ActiveCfg = Release|Any CPU
		{BB33D009-1E9A-4C2B-8C6D-931C29EEE2B3}.Release|Any CPU.Build.0 = Release|Any CPU
		{142F6BA1-0B5C-46CC-872B-92EFF3E3C480}.Debug|Any CPU.ActiveCfg = Debug|Any CPU
		{142F6BA1-0B5C-46CC-872B-92EFF3E3C480}.Debug|Any CPU.Build.0 = Debug|Any CPU
		{142F6BA1-0B5C-46CC-872B-92EFF3E3C480}.Release|Any CPU.ActiveCfg = Release|Any CPU
		{142F6BA1-0B5C-46CC-872B-92EFF3E3C480}.Release|Any CPU.Build.0 = Release|Any CPU
	EndGlobalSection
	GlobalSection(SolutionProperties) = preSolution
		HideSolutionNode = FALSE
	EndGlobalSection
	GlobalSection(NestedProjects) = preSolution
		{A0650FD5-D967-456D-8B10-BBD4273F4FBC} = {D2D5EFBC-778B-4EB7-9DD1-DFAE52E1529C}
		{7139989A-1FE4-4789-9C18-59A58986954E} = {D2D5EFBC-778B-4EB7-9DD1-DFAE52E1529C}
		{D27E030F-D6D1-44D6-9A31-758A929833F9} = {D2D5EFBC-778B-4EB7-9DD1-DFAE52E1529C}
		{A94FCDD4-F6F3-47DF-B85C-ADED31BE5CA8} = {D27E030F-D6D1-44D6-9A31-758A929833F9}
		{76F7BC9B-D2A2-4850-B84E-DE017AFC516A} = {7139989A-1FE4-4789-9C18-59A58986954E}
		{B6AE40C8-5813-459D-84A9-9399A3461DD9} = {76F7BC9B-D2A2-4850-B84E-DE017AFC516A}
		{30362C76-FB3E-48EC-A8B9-5B4828EE829D} = {7139989A-1FE4-4789-9C18-59A58986954E}
		{6666F035-058C-4DDF-BCD3-217855E4A890} = {30362C76-FB3E-48EC-A8B9-5B4828EE829D}
		{2E21A801-D292-4CB4-8149-329408DD36B3} = {7139989A-1FE4-4789-9C18-59A58986954E}
		{AA56DB7E-2ABE-4C46-8662-F059EFDC0EF2} = {2E21A801-D292-4CB4-8149-329408DD36B3}
		{02293E52-8961-4797-AEA2-29A7021944DA} = {A0650FD5-D967-456D-8B10-BBD4273F4FBC}
		{22977BDB-1F4B-45AB-B4C4-069A2031E8B6} = {D2D5EFBC-778B-4EB7-9DD1-DFAE52E1529C}
		{0ABA3302-89A1-4B0D-8082-57CBC8023753} = {22977BDB-1F4B-45AB-B4C4-069A2031E8B6}
		{D82C1777-8806-4721-BEDD-08A36424F20B} = {7139989A-1FE4-4789-9C18-59A58986954E}
		{0F93BEC6-20C7-4700-9368-ADBD60074A9A} = {D82C1777-8806-4721-BEDD-08A36424F20B}
		{BB33D009-1E9A-4C2B-8C6D-931C29EEE2B3} = {D27E030F-D6D1-44D6-9A31-758A929833F9}
		{142F6BA1-0B5C-46CC-872B-92EFF3E3C480} = {22977BDB-1F4B-45AB-B4C4-069A2031E8B6}
	EndGlobalSection
	GlobalSection(ExtensibilityGlobals) = postSolution
		SolutionGuid = {67B77D43-2DC2-44F3-9B49-F0756CC1F393}
	EndGlobalSection
EndGlobal
